// !$*UTF8*$!
{
	archiveVersion = 1;
	classes = {
	};
	objectVersion = 77;
	objects = {

/* Begin PBXContainerItemProxy section */
		6D6240A92DF5E17E0035AC9F /* PBXContainerItemProxy */ = {
			isa = PBXContainerItemProxy;
			containerPortal = 6D6240872DF5E17C0035AC9F /* Project object */;
			proxyType = 1;
			remoteGlobalIDString = 6D62408E2DF5E17C0035AC9F;
			remoteInfo = "Interview Prep";
		};
		6D6240B32DF5E17E0035AC9F /* PBXContainerItemProxy */ = {
			isa = PBXContainerItemProxy;
			containerPortal = 6D6240872DF5E17C0035AC9F /* Project object */;
			proxyType = 1;
			remoteGlobalIDString = 6D62408E2DF5E17C0035AC9F;
			remoteInfo = "Interview Prep";
		};
/* End PBXContainerItemProxy section */

/* Begin PBXFileReference section */
		6D62408F2DF5E17C0035AC9F /* Interview Prep.app */ = {isa = PBXFileReference; explicitFileType = wrapper.application; includeInIndex = 0; path = "Interview Prep.app"; sourceTree = BUILT_PRODUCTS_DIR; };
		6D6240A82DF5E17E0035AC9F /* Interview PrepTests.xctest */ = {isa = PBXFileReference; explicitFileType = wrapper.cfbundle; includeInIndex = 0; path = "Interview PrepTests.xctest"; sourceTree = BUILT_PRODUCTS_DIR; };
		6D6240B22DF5E17E0035AC9F /* Interview PrepUITests.xctest */ = {isa = PBXFileReference; explicitFileType = wrapper.cfbundle; includeInIndex = 0; path = "Interview PrepUITests.xctest"; sourceTree = BUILT_PRODUCTS_DIR; };
/* End PBXFileReference section */

/* Begin PBXFileSystemSynchronizedBuildFileExceptionSet section */
		6D6240BA2DF5E17E0035AC9F /* Exceptions for "Interview Prep" folder in "Interview Prep" target */ = {
			isa = PBXFileSystemSynchronizedBuildFileExceptionSet;
			membershipExceptions = (
				Info.plist,
			);
			target = 6D62408E2DF5E17C0035AC9F /* Interview Prep */;
		};
/* End PBXFileSystemSynchronizedBuildFileExceptionSet section */

/* Begin PBXFileSystemSynchronizedRootGroup section */
		6D6240912DF5E17C0035AC9F /* Interview Prep */ = {
			isa = PBXFileSystemSynchronizedRootGroup;
			exceptions = (
				6D6240BA2DF5E17E0035AC9F /* Exceptions for "Interview Prep" folder in "Interview Prep" target */,
			);
			path = "Interview Prep";
			sourceTree = "<group>";
		};
		6D6240AB2DF5E17E0035AC9F /* Interview PrepTests */ = {
			isa = PBXFileSystemSynchronizedRootGroup;
			path = "Interview PrepTests";
			sourceTree = "<group>";
		};
		6D6240B52DF5E17E0035AC9F /* Interview PrepUITests */ = {
			isa = PBXFileSystemSynchronizedRootGroup;
			path = "Interview PrepUITests";
			sourceTree = "<group>";
		};
/* End PBXFileSystemSynchronizedRootGroup section */

/* Begin PBXFrameworksBuildPhase section */
		6D62408C2DF5E17C0035AC9F /* Frameworks */ = {
			isa = PBXFrameworksBuildPhase;
			buildActionMask = 2147483647;
			files = (
			);
			runOnlyForDeploymentPostprocessing = 0;
		};
		6D6240A52DF5E17E0035AC9F /* Frameworks */ = {
			isa = PBXFrameworksBuildPhase;
			buildActionMask = 2147483647;
			files = (
			);
			runOnlyForDeploymentPostprocessing = 0;
		};
		6D6240AF2DF5E17E0035AC9F /* Frameworks */ = {
			isa = PBXFrameworksBuildPhase;
			buildActionMask = 2147483647;
			files = (
			);
			runOnlyForDeploymentPostprocessing = 0;
		};
/* End PBXFrameworksBuildPhase section */

/* Begin PBXGroup section */
		6D6240862DF5E17C0035AC9F = {
			isa = PBXGroup;
			children = (
				6D6240912DF5E17C0035AC9F /* Interview Prep */,
				6D6240AB2DF5E17E0035AC9F /* Interview PrepTests */,
				6D6240B52DF5E17E0035AC9F /* Interview PrepUITests */,
				6D6240902DF5E17C0035AC9F /* Products */,
			);
			sourceTree = "<group>";
		};
		6D6240902DF5E17C0035AC9F /* Products */ = {
			isa = PBXGroup;
			children = (
				6D62408F2DF5E17C0035AC9F /* Interview Prep.app */,
				6D6240A82DF5E17E0035AC9F /* Interview PrepTests.xctest */,
				6D6240B22DF5E17E0035AC9F /* Interview PrepUITests.xctest */,
			);
			name = Products;
			sourceTree = "<group>";
		};
/* End PBXGroup section */

/* Begin PBXNativeTarget section */
		6D62408E2DF5E17C0035AC9F /* Interview Prep */ = {
			isa = PBXNativeTarget;
			buildConfigurationList = 6D6240BB2DF5E17E0035AC9F /* Build configuration list for PBXNativeTarget "Interview Prep" */;
			buildPhases = (
				6D62408B2DF5E17C0035AC9F /* Sources */,
				6D62408C2DF5E17C0035AC9F /* Frameworks */,
				6D62408D2DF5E17C0035AC9F /* Resources */,
			);
			buildRules = (
			);
			dependencies = (
			);
			fileSystemSynchronizedGroups = (
				6D6240912DF5E17C0035AC9F /* Interview Prep */,
			);
			name = "Interview Prep";
			packageProductDependencies = (
			);
			productName = "Interview Prep";
			productReference = 6D62408F2DF5E17C0035AC9F /* Interview Prep.app */;
			productType = "com.apple.product-type.application";
		};
		6D6240A72DF5E17E0035AC9F /* Interview PrepTests */ = {
			isa = PBXNativeTarget;
			buildConfigurationList = 6D6240C02DF5E17E0035AC9F /* Build configuration list for PBXNativeTarget "Interview PrepTests" */;
			buildPhases = (
				6D6240A42DF5E17E0035AC9F /* Sources */,
				6D6240A52DF5E17E0035AC9F /* Frameworks */,
				6D6240A62DF5E17E0035AC9F /* Resources */,
			);
			buildRules = (
			);
			dependencies = (
				6D6240AA2DF5E17E0035AC9F /* PBXTargetDependency */,
			);
			fileSystemSynchronizedGroups = (
				6D6240AB2DF5E17E0035AC9F /* Interview PrepTests */,
			);
			name = "Interview PrepTests";
			packageProductDependencies = (
			);
			productName = "Interview PrepTests";
			productReference = 6D6240A82DF5E17E0035AC9F /* Interview PrepTests.xctest */;
			productType = "com.apple.product-type.bundle.unit-test";
		};
		6D6240B12DF5E17E0035AC9F /* Interview PrepUITests */ = {
			isa = PBXNativeTarget;
			buildConfigurationList = 6D6240C32DF5E17E0035AC9F /* Build configuration list for PBXNativeTarget "Interview PrepUITests" */;
			buildPhases = (
				6D6240AE2DF5E17E0035AC9F /* Sources */,
				6D6240AF2DF5E17E0035AC9F /* Frameworks */,
				6D6240B02DF5E17E0035AC9F /* Resources */,
			);
			buildRules = (
			);
			dependencies = (
				6D6240B42DF5E17E0035AC9F /* PBXTargetDependency */,
			);
			fileSystemSynchronizedGroups = (
				6D6240B52DF5E17E0035AC9F /* Interview PrepUITests */,
			);
			name = "Interview PrepUITests";
			packageProductDependencies = (
			);
			productName = "Interview PrepUITests";
			productReference = 6D6240B22DF5E17E0035AC9F /* Interview PrepUITests.xctest */;
			productType = "com.apple.product-type.bundle.ui-testing";
		};
/* End PBXNativeTarget section */

/* Begin PBXProject section */
		6D6240872DF5E17C0035AC9F /* Project object */ = {
			isa = PBXProject;
			attributes = {
				BuildIndependentTargetsInParallel = 1;
				LastSwiftUpdateCheck = 1630;
				LastUpgradeCheck = 1630;
				TargetAttributes = {
					6D62408E2DF5E17C0035AC9F = {
						CreatedOnToolsVersion = 16.3;
					};
					6D6240A72DF5E17E0035AC9F = {
						CreatedOnToolsVersion = 16.3;
						TestTargetID = 6D62408E2DF5E17C0035AC9F;
					};
					6D6240B12DF5E17E0035AC9F = {
						CreatedOnToolsVersion = 16.3;
						TestTargetID = 6D62408E2DF5E17C0035AC9F;
					};
				};
			};
			buildConfigurationList = 6D62408A2DF5E17C0035AC9F /* Build configuration list for PBXProject "Interview Prep" */;
			developmentRegion = en;
			hasScannedForEncodings = 0;
			knownRegions = (
				en,
				Base,
			);
			mainGroup = 6D6240862DF5E17C0035AC9F;
			minimizedProjectReferenceProxies = 1;
			preferredProjectObjectVersion = 77;
			productRefGroup = 6D6240902DF5E17C0035AC9F /* Products */;
			projectDirPath = "";
			projectRoot = "";
			targets = (
				6D62408E2DF5E17C0035AC9F /* Interview Prep */,
				6D6240A72DF5E17E0035AC9F /* Interview PrepTests */,
				6D6240B12DF5E17E0035AC9F /* Interview PrepUITests */,
			);
		};
/* End PBXProject section */

/* Begin PBXResourcesBuildPhase section */
		6D62408D2DF5E17C0035AC9F /* Resources */ = {
			isa = PBXResourcesBuildPhase;
			buildActionMask = 2147483647;
			files = (
			);
			runOnlyForDeploymentPostprocessing = 0;
		};
		6D6240A62DF5E17E0035AC9F /* Resources */ = {
			isa = PBXResourcesBuildPhase;
			buildActionMask = 2147483647;
			files = (
			);
			runOnlyForDeploymentPostprocessing = 0;
		};
		6D6240B02DF5E17E0035AC9F /* Resources */ = {
			isa = PBXResourcesBuildPhase;
			buildActionMask = 2147483647;
			files = (
			);
			runOnlyForDeploymentPostprocessing = 0;
		};
/* End PBXResourcesBuildPhase section */

/* Begin PBXSourcesBuildPhase section */
		6D62408B2DF5E17C0035AC9F /* Sources */ = {
			isa = PBXSourcesBuildPhase;
			buildActionMask = 2147483647;
			files = (
			);
			runOnlyForDeploymentPostprocessing = 0;
		};
		6D6240A42DF5E17E0035AC9F /* Sources */ = {
			isa = PBXSourcesBuildPhase;
			buildActionMask = 2147483647;
			files = (
			);
			runOnlyForDeploymentPostprocessing = 0;
		};
		6D6240AE2DF5E17E0035AC9F /* Sources */ = {
			isa = PBXSourcesBuildPhase;
			buildActionMask = 2147483647;
			files = (
			);
			runOnlyForDeploymentPostprocessing = 0;
		};
/* End PBXSourcesBuildPhase section */

/* Begin PBXTargetDependency section */
		6D6240AA2DF5E17E0035AC9F /* PBXTargetDependency */ = {
			isa = PBXTargetDependency;
			target = 6D62408E2DF5E17C0035AC9F /* Interview Prep */;
			targetProxy = 6D6240A92DF5E17E0035AC9F /* PBXContainerItemProxy */;
		};
		6D6240B42DF5E17E0035AC9F /* PBXTargetDependency */ = {
			isa = PBXTargetDependency;
			target = 6D62408E2DF5E17C0035AC9F /* Interview Prep */;
			targetProxy = 6D6240B32DF5E17E0035AC9F /* PBXContainerItemProxy */;
		};
/* End PBXTargetDependency section */

/* Begin XCBuildConfiguration section */
		6D6240BC2DF5E17E0035AC9F /* Debug */ = {
			isa = XCBuildConfiguration;
			buildSettings = {
				ASSETCATALOG_COMPILER_APPICON_NAME = AppIcon;
				ASSETCATALOG_COMPILER_GLOBAL_ACCENT_COLOR_NAME = AccentColor;
				CODE_SIGN_STYLE = Automatic;
				CURRENT_PROJECT_VERSION = 1;
				DEVELOPMENT_TEAM = J3C436QQA9;
				GENERATE_INFOPLIST_FILE = YES;
				INFOPLIST_FILE = "Interview Prep/Info.plist";
				INFOPLIST_KEY_UIApplicationSupportsIndirectInputEvents = YES;
				INFOPLIST_KEY_UILaunchStoryboardName = LaunchScreen;
				INFOPLIST_KEY_UIMainStoryboardFile = Main;
				INFOPLIST_KEY_UISupportedInterfaceOrientations_iPad = "UIInterfaceOrientationPortrait UIInterfaceOrientationPortraitUpsideDown UIInterfaceOrientationLandscapeLeft UIInterfaceOrientationLandscapeRight";
				INFOPLIST_KEY_UISupportedInterfaceOrientations_iPhone = "UIInterfaceOrientationPortrait UIInterfaceOrientationLandscapeLeft UIInterfaceOrientationLandscapeRight";
				LD_RUNPATH_SEARCH_PATHS = (
					"$(inherited)",
					"@executable_path/Frameworks",
				);
				MARKETING_VERSION = 1.0;
				PRODUCT_BUNDLE_IDENTIFIER = "karlcridland.Interview-Prep";
				PRODUCT_NAME = "$(TARGET_NAME)";
				SWIFT_EMIT_LOC_STRINGS = YES;
				SWIFT_VERSION = 5.0;
				TARGETED_DEVICE_FAMILY = "1,2";
			};
			name = Debug;
		};
		6D6240BD2DF5E17E0035AC9F /* Release */ = {
			isa = XCBuildConfiguration;
			buildSettings = {
				ASSETCATALOG_COMPILER_APPICON_NAME = AppIcon;
				ASSETCATALOG_COMPILER_GLOBAL_ACCENT_COLOR_NAME = AccentColor;
				CODE_SIGN_STYLE = Automatic;
				CURRENT_PROJECT_VERSION = 1;
				DEVELOPMENT_TEAM = J3C436QQA9;
				GENERATE_INFOPLIST_FILE = YES;
				INFOPLIST_FILE = "Interview Prep/Info.plist";
				INFOPLIST_KEY_UIApplicationSupportsIndirectInputEvents = YES;
				INFOPLIST_KEY_UILaunchStoryboardName = LaunchScreen;
				INFOPLIST_KEY_UIMainStoryboardFile = Main;
				INFOPLIST_KEY_UISupportedInterfaceOrientations_iPad = "UIInterfaceOrientationPortrait UIInterfaceOrientationPortraitUpsideDown UIInterfaceOrientationLandscapeLeft UIInterfaceOrientationLandscapeRight";
				INFOPLIST_KEY_UISupportedInterfaceOrientations_iPhone = "UIInterfaceOrientationPortrait UIInterfaceOrientationLandscapeLeft UIInterfaceOrientationLandscapeRight";
				LD_RUNPATH_SEARCH_PATHS = (
					"$(inherited)",
					"@executable_path/Frameworks",
				);
				MARKETING_VERSION = 1.0;
				PRODUCT_BUNDLE_IDENTIFIER = "karlcridland.Interview-Prep";
				PRODUCT_NAME = "$(TARGET_NAME)";
				SWIFT_EMIT_LOC_STRINGS = YES;
				SWIFT_VERSION = 5.0;
				TARGETED_DEVICE_FAMILY = "1,2";
			};
			name = Release;
		};
		6D6240BE2DF5E17E0035AC9F /* Debug */ = {
			isa = XCBuildConfiguration;
			buildSettings = {
				ALWAYS_SEARCH_USER_PATHS = NO;
				ASSETCATALOG_COMPILER_GENERATE_SWIFT_ASSET_SYMBOL_EXTENSIONS = YES;
				CLANG_ANALYZER_NONNULL = YES;
				CLANG_ANALYZER_NUMBER_OBJECT_CONVERSION = YES_AGGRESSIVE;
				CLANG_CXX_LANGUAGE_STANDARD = "gnu++20";
				CLANG_ENABLE_MODULES = YES;
				CLANG_ENABLE_OBJC_ARC = YES;
				CLANG_ENABLE_OBJC_WEAK = YES;
				CLANG_WARN_BLOCK_CAPTURE_AUTORELEASING = YES;
				CLANG_WARN_BOOL_CONVERSION = YES;
				CLANG_WARN_COMMA = YES;
				CLANG_WARN_CONSTANT_CONVERSION = YES;
				CLANG_WARN_DEPRECATED_OBJC_IMPLEMENTATIONS = YES;
				CLANG_WARN_DIRECT_OBJC_ISA_USAGE = YES_ERROR;
				CLANG_WARN_DOCUMENTATION_COMMENTS = YES;
				CLANG_WARN_EMPTY_BODY = YES;
				CLANG_WARN_ENUM_CONVERSION = YES;
				CLANG_WARN_INFINITE_RECURSION = YES;
				CLANG_WARN_INT_CONVERSION = YES;
				CLANG_WARN_NON_LITERAL_NULL_CONVERSION = YES;
				CLANG_WARN_OBJC_IMPLICIT_RETAIN_SELF = YES;
				CLANG_WARN_OBJC_LITERAL_CONVERSION = YES;
				CLANG_WARN_OBJC_ROOT_CLASS = YES_ERROR;
				CLANG_WARN_QUOTED_INCLUDE_IN_FRAMEWORK_HEADER = YES;
				CLANG_WARN_RANGE_LOOP_ANALYSIS = YES;
				CLANG_WARN_STRICT_PROTOTYPES = YES;
				CLANG_WARN_SUSPICIOUS_MOVE = YES;
				CLANG_WARN_UNGUARDED_AVAILABILITY = YES_AGGRESSIVE;
				CLANG_WARN_UNREACHABLE_CODE = YES;
				CLANG_WARN__DUPLICATE_METHOD_MATCH = YES;
				COPY_PHASE_STRIP = NO;
				DEBUG_INFORMATION_FORMAT = dwarf;
				DEVELOPMENT_TEAM = J3C436QQA9;
				ENABLE_STRICT_OBJC_MSGSEND = YES;
				ENABLE_TESTABILITY = YES;
				ENABLE_USER_SCRIPT_SANDBOXING = YES;
				GCC_C_LANGUAGE_STANDARD = gnu17;
				GCC_DYNAMIC_NO_PIC = NO;
				GCC_NO_COMMON_BLOCKS = YES;
				GCC_OPTIMIZATION_LEVEL = 0;
				GCC_PREPROCESSOR_DEFINITIONS = (
					"DEBUG=1",
					"$(inherited)",
				);
				GCC_WARN_64_TO_32_BIT_CONVERSION = YES;
				GCC_WARN_ABOUT_RETURN_TYPE = YES_ERROR;
				GCC_WARN_UNDECLARED_SELECTOR = YES;
				GCC_WARN_UNINITIALIZED_AUTOS = YES_AGGRESSIVE;
				GCC_WARN_UNUSED_FUNCTION = YES;
				GCC_WARN_UNUSED_VARIABLE = YES;
				IPHONEOS_DEPLOYMENT_TARGET = 18.4;
				LOCALIZATION_PREFERS_STRING_CATALOGS = YES;
				MTL_ENABLE_DEBUG_INFO = INCLUDE_SOURCE;
				MTL_FAST_MATH = YES;
				ONLY_ACTIVE_ARCH = YES;
				SDKROOT = iphoneos;
				SWIFT_ACTIVE_COMPILATION_CONDITIONS = "DEBUG $(inherited)";
				SWIFT_OPTIMIZATION_LEVEL = "-Onone";
			};
			name = Debug;
		};
		6D6240BF2DF5E17E0035AC9F /* Release */ = {
			isa = XCBuildConfiguration;
			buildSettings = {
				ALWAYS_SEARCH_USER_PATHS = NO;
				ASSETCATALOG_COMPILER_GENERATE_SWIFT_ASSET_SYMBOL_EXTENSIONS = YES;
				CLANG_ANALYZER_NONNULL = YES;
				CLANG_ANALYZER_NUMBER_OBJECT_CONVERSION = YES_AGGRESSIVE;
				CLANG_CXX_LANGUAGE_STANDARD = "gnu++20";
				CLANG_ENABLE_MODULES = YES;
				CLANG_ENABLE_OBJC_ARC = YES;
				CLANG_ENABLE_OBJC_WEAK = YES;
				CLANG_WARN_BLOCK_CAPTURE_AUTORELEASING = YES;
				CLANG_WARN_BOOL_CONVERSION = YES;
				CLANG_WARN_COMMA = YES;
				CLANG_WARN_CONSTANT_CONVERSION = YES;
				CLANG_WARN_DEPRECATED_OBJC_IMPLEMENTATIONS = YES;
				CLANG_WARN_DIRECT_OBJC_ISA_USAGE = YES_ERROR;
				CLANG_WARN_DOCUMENTATION_COMMENTS = YES;
				CLANG_WARN_EMPTY_BODY = YES;
				CLANG_WARN_ENUM_CONVERSION = YES;
				CLANG_WARN_INFINITE_RECURSION = YES;
				CLANG_WARN_INT_CONVERSION = YES;
				CLANG_WARN_NON_LITERAL_NULL_CONVERSION = YES;
				CLANG_WARN_OBJC_IMPLICIT_RETAIN_SELF = YES;
				CLANG_WARN_OBJC_LITERAL_CONVERSION = YES;
				CLANG_WARN_OBJC_ROOT_CLASS = YES_ERROR;
				CLANG_WARN_QUOTED_INCLUDE_IN_FRAMEWORK_HEADER = YES;
				CLANG_WARN_RANGE_LOOP_ANALYSIS = YES;
				CLANG_WARN_STRICT_PROTOTYPES = YES;
				CLANG_WARN_SUSPICIOUS_MOVE = YES;
				CLANG_WARN_UNGUARDED_AVAILABILITY = YES_AGGRESSIVE;
				CLANG_WARN_UNREACHABLE_CODE = YES;
				CLANG_WARN__DUPLICATE_METHOD_MATCH = YES;
				COPY_PHASE_STRIP = NO;
				DEBUG_INFORMATION_FORMAT = "dwarf-with-dsym";
				DEVELOPMENT_TEAM = J3C436QQA9;
				ENABLE_NS_ASSERTIONS = NO;
				ENABLE_STRICT_OBJC_MSGSEND = YES;
				ENABLE_USER_SCRIPT_SANDBOXING = YES;
				GCC_C_LANGUAGE_STANDARD = gnu17;
				GCC_NO_COMMON_BLOCKS = YES;
				GCC_WARN_64_TO_32_BIT_CONVERSION = YES;
				GCC_WARN_ABOUT_RETURN_TYPE = YES_ERROR;
				GCC_WARN_UNDECLARED_SELECTOR = YES;
				GCC_WARN_UNINITIALIZED_AUTOS = YES_AGGRESSIVE;
				GCC_WARN_UNUSED_FUNCTION = YES;
				GCC_WARN_UNUSED_VARIABLE = YES;
				IPHONEOS_DEPLOYMENT_TARGET = 18.4;
				LOCALIZATION_PREFERS_STRING_CATALOGS = YES;
				MTL_ENABLE_DEBUG_INFO = NO;
				MTL_FAST_MATH = YES;
				SDKROOT = iphoneos;
				SWIFT_COMPILATION_MODE = wholemodule;
				VALIDATE_PRODUCT = YES;
			};
			name = Release;
		};
		6D6240C12DF5E17E0035AC9F /* Debug */ = {
			isa = XCBuildConfiguration;
			buildSettings = {
				BUNDLE_LOADER = "$(TEST_HOST)";
				CODE_SIGN_STYLE = Automatic;
				CURRENT_PROJECT_VERSION = 1;
				DEVELOPMENT_TEAM = J3C436QQA9;
				GENERATE_INFOPLIST_FILE = YES;
				IPHONEOS_DEPLOYMENT_TARGET = 18.4;
				MARKETING_VERSION = 1.0;
				PRODUCT_BUNDLE_IDENTIFIER = "karlcridland.Interview-PrepTests";
				PRODUCT_NAME = "$(TARGET_NAME)";
				SWIFT_EMIT_LOC_STRINGS = NO;
				SWIFT_VERSION = 5.0;
				TARGETED_DEVICE_FAMILY = "1,2";
				TEST_HOST = "$(BUILT_PRODUCTS_DIR)/Interview Prep.app/$(BUNDLE_EXECUTABLE_FOLDER_PATH)/Interview Prep";
			};
			name = Debug;
		};
		6D6240C22DF5E17E0035AC9F /* Release */ = {
			isa = XCBuildConfiguration;
			buildSettings = {
				BUNDLE_LOADER = "$(TEST_HOST)";
				CODE_SIGN_STYLE = Automatic;
				CURRENT_PROJECT_VERSION = 1;
				DEVELOPMENT_TEAM = J3C436QQA9;
				GENERATE_INFOPLIST_FILE = YES;
				IPHONEOS_DEPLOYMENT_TARGET = 18.4;
				MARKETING_VERSION = 1.0;
				PRODUCT_BUNDLE_IDENTIFIER = "karlcridland.Interview-PrepTests";
				PRODUCT_NAME = "$(TARGET_NAME)";
				SWIFT_EMIT_LOC_STRINGS = NO;
				SWIFT_VERSION = 5.0;
				TARGETED_DEVICE_FAMILY = "1,2";
				TEST_HOST = "$(BUILT_PRODUCTS_DIR)/Interview Prep.app/$(BUNDLE_EXECUTABLE_FOLDER_PATH)/Interview Prep";
			};
			name = Release;
		};
		6D6240C42DF5E17E0035AC9F /* Debug */ = {
			isa = XCBuildConfiguration;
			buildSettings = {
				CODE_SIGN_STYLE = Automatic;
				CURRENT_PROJECT_VERSION = 1;
				DEVELOPMENT_TEAM = J3C436QQA9;
				GENERATE_INFOPLIST_FILE = YES;
				MARKETING_VERSION = 1.0;
				PRODUCT_BUNDLE_IDENTIFIER = "karlcridland.Interview-PrepUITests";
				PRODUCT_NAME = "$(TARGET_NAME)";
				SWIFT_EMIT_LOC_STRINGS = NO;
				SWIFT_VERSION = 5.0;
				TARGETED_DEVICE_FAMILY = "1,2";
				TEST_TARGET_NAME = "Interview Prep";
			};
			name = Debug;
		};
		6D6240C52DF5E17E0035AC9F /* Release */ = {
			isa = XCBuildConfiguration;
			buildSettings = {
				CODE_SIGN_STYLE = Automatic;
				CURRENT_PROJECT_VERSION = 1;
				DEVELOPMENT_TEAM = J3C436QQA9;
				GENERATE_INFOPLIST_FILE = YES;
				MARKETING_VERSION = 1.0;
				PRODUCT_BUNDLE_IDENTIFIER = "karlcridland.Interview-PrepUITests";
				PRODUCT_NAME = "$(TARGET_NAME)";
				SWIFT_EMIT_LOC_STRINGS = NO;
				SWIFT_VERSION = 5.0;
				TARGETED_DEVICE_FAMILY = "1,2";
				TEST_TARGET_NAME = "Interview Prep";
			};
			name = Release;
		};
/* End XCBuildConfiguration section */

/* Begin XCConfigurationList section */
		6D62408A2DF5E17C0035AC9F /* Build configuration list for PBXProject "Interview Prep" */ = {
			isa = XCConfigurationList;
			buildConfigurations = (
				6D6240BE2DF5E17E0035AC9F /* Debug */,
				6D6240BF2DF5E17E0035AC9F /* Release */,
			);
			defaultConfigurationIsVisible = 0;
			defaultConfigurationName = Release;
		};
		6D6240BB2DF5E17E0035AC9F /* Build configuration list for PBXNativeTarget "Interview Prep" */ = {
			isa = XCConfigurationList;
			buildConfigurations = (
				6D6240BC2DF5E17E0035AC9F /* Debug */,
				6D6240BD2DF5E17E0035AC9F /* Release */,
			);
			defaultConfigurationIsVisible = 0;
			defaultConfigurationName = Release;
		};
		6D6240C02DF5E17E0035AC9F /* Build configuration list for PBXNativeTarget "Interview PrepTests" */ = {
			isa = XCConfigurationList;
			buildConfigurations = (
				6D6240C12DF5E17E0035AC9F /* Debug */,
				6D6240C22DF5E17E0035AC9F /* Release */,
			);
			defaultConfigurationIsVisible = 0;
			defaultConfigurationName = Release;
		};
		6D6240C32DF5E17E0035AC9F /* Build configuration list for PBXNativeTarget "Interview PrepUITests" */ = {
			isa = XCConfigurationList;
			buildConfigurations = (
				6D6240C42DF5E17E0035AC9F /* Debug */,
				6D6240C52DF5E17E0035AC9F /* Release */,
			);
			defaultConfigurationIsVisible = 0;
			defaultConfigurationName = Release;
		};
/* End XCConfigurationList section */
	};
	rootObject = 6D6240872DF5E17C0035AC9F /* Project object */;
}
